// !$*UTF8*$!
{
	archiveVersion = 1;
	classes = {
	};
	objectVersion = 46;
	objects = {

/* Begin PBXBuildFile section */
		3B2F1ACB1A9F0B5500E48806 /* main.m in Sources */ = {isa = PBXBuildFile; fileRef = 3B2F1ACA1A9F0B5500E48806 /* main.m */; };
		3B2F1ACE1A9F0B5500E48806 /* AppDelegate.m in Sources */ = {isa = PBXBuildFile; fileRef = 3B2F1ACD1A9F0B5500E48806 /* AppDelegate.m */; };
		3B2F1AD11A9F0B5500E48806 /* ViewController.m in Sources */ = {isa = PBXBuildFile; fileRef = 3B2F1AD01A9F0B5500E48806 /* ViewController.m */; };
		3B2F1AD41A9F0B5500E48806 /* Main.storyboard in Resources */ = {isa = PBXBuildFile; fileRef = 3B2F1AD21A9F0B5500E48806 /* Main.storyboard */; };
		3B2F1AD61A9F0B5500E48806 /* Images.xcassets in Resources */ = {isa = PBXBuildFile; fileRef = 3B2F1AD51A9F0B5500E48806 /* Images.xcassets */; };
		3B2F1AD91A9F0B5500E48806 /* LaunchScreen.xib in Resources */ = {isa = PBXBuildFile; fileRef = 3B2F1AD71A9F0B5500E48806 /* LaunchScreen.xib */; };
		3B2F1AE51A9F0B5500E48806 /* PikiScrollAnimationTests.m in Sources */ = {isa = PBXBuildFile; fileRef = 3B2F1AE41A9F0B5500E48806 /* PikiScrollAnimationTests.m */; };
/* End PBXBuildFile section */

/* Begin PBXContainerItemProxy section */
		3B2F1ADF1A9F0B5500E48806 /* PBXContainerItemProxy */ = {
			isa = PBXContainerItemProxy;
			containerPortal = 3B2F1ABD1A9F0B5500E48806 /* Project object */;
			proxyType = 1;
			remoteGlobalIDString = 3B2F1AC41A9F0B5500E48806;
			remoteInfo = PikiScrollAnimation;
		};
/* End PBXContainerItemProxy section */

/* Begin PBXFileReference section */
		3B2F1AC51A9F0B5500E48806 /* PikiScrollAnimation.app */ = {isa = PBXFileReference; explicitFileType = wrapper.application; includeInIndex = 0; path = PikiScrollAnimation.app; sourceTree = BUILT_PRODUCTS_DIR; };
		3B2F1AC91A9F0B5500E48806 /* Info.plist */ = {isa = PBXFileReference; lastKnownFileType = text.plist.xml; path = Info.plist; sourceTree = "<group>"; };
		3B2F1ACA1A9F0B5500E48806 /* main.m */ = {isa = PBXFileReference; lastKnownFileType = sourcecode.c.objc; path = main.m; sourceTree = "<group>"; };
		3B2F1ACC1A9F0B5500E48806 /* AppDelegate.h */ = {isa = PBXFileReference; lastKnownFileType = sourcecode.c.h; path = AppDelegate.h; sourceTree = "<group>"; };
		3B2F1ACD1A9F0B5500E48806 /* AppDelegate.m */ = {isa = PBXFileReference; lastKnownFileType = sourcecode.c.objc; path = AppDelegate.m; sourceTree = "<group>"; };
		3B2F1ACF1A9F0B5500E48806 /* ViewController.h */ = {isa = PBXFileReference; lastKnownFileType = sourcecode.c.h; path = ViewController.h; sourceTree = "<group>"; };
		3B2F1AD01A9F0B5500E48806 /* ViewController.m */ = {isa = PBXFileReference; lastKnownFileType = sourcecode.c.objc; path = ViewController.m; sourceTree = "<group>"; };
		3B2F1AD31A9F0B5500E48806 /* Base */ = {isa = PBXFileReference; lastKnownFileType = file.storyboard; name = Base; path = Base.lproj/Main.storyboard; sourceTree = "<group>"; };
		3B2F1AD51A9F0B5500E48806 /* Images.xcassets */ = {isa = PBXFileReference; lastKnownFileType = folder.assetcatalog; path = Images.xcassets; sourceTree = "<group>"; };
		3B2F1AD81A9F0B5500E48806 /* Base */ = {isa = PBXFileReference; lastKnownFileType = file.xib; name = Base; path = Base.lproj/LaunchScreen.xib; sourceTree = "<group>"; };
		3B2F1ADE1A9F0B5500E48806 /* PikiScrollAnimationTests.xctest */ = {isa = PBXFileReference; explicitFileType = wrapper.cfbundle; includeInIndex = 0; path = PikiScrollAnimationTests.xctest; sourceTree = BUILT_PRODUCTS_DIR; };
		3B2F1AE31A9F0B5500E48806 /* Info.plist */ = {isa = PBXFileReference; lastKnownFileType = text.plist.xml; path = Info.plist; sourceTree = "<group>"; };
		3B2F1AE41A9F0B5500E48806 /* PikiScrollAnimationTests.m */ = {isa = PBXFileReference; lastKnownFileType = sourcecode.c.objc; path = PikiScrollAnimationTests.m; sourceTree = "<group>"; };
/* End PBXFileReference section */

/* Begin PBXFrameworksBuildPhase section */
		3B2F1AC21A9F0B5500E48806 /* Frameworks */ = {
			isa = PBXFrameworksBuildPhase;
			buildActionMask = 2147483647;
			files = (
			);
			runOnlyForDeploymentPostprocessing = 0;
		};
		3B2F1ADB1A9F0B5500E48806 /* Frameworks */ = {
			isa = PBXFrameworksBuildPhase;
			buildActionMask = 2147483647;
			files = (
			);
			runOnlyForDeploymentPostprocessing = 0;
		};
/* End PBXFrameworksBuildPhase section */

/* Begin PBXGroup section */
		3B2F1ABC1A9F0B5500E48806 = {
			isa = PBXGroup;
			children = (
				3B2F1AC71A9F0B5500E48806 /* PikiScrollAnimation */,
				3B2F1AE11A9F0B5500E48806 /* PikiScrollAnimationTests */,
				3B2F1AC61A9F0B5500E48806 /* Products */,
			);
			sourceTree = "<group>";
		};
		3B2F1AC61A9F0B5500E48806 /* Products */ = {
			isa = PBXGroup;
			children = (
				3B2F1AC51A9F0B5500E48806 /* PikiScrollAnimation.app */,
				3B2F1ADE1A9F0B5500E48806 /* PikiScrollAnimationTests.xctest */,
			);
			name = Products;
			sourceTree = "<group>";
		};
		3B2F1AC71A9F0B5500E48806 /* PikiScrollAnimation */ = {
			isa = PBXGroup;
			children = (
				3B2F1ACC1A9F0B5500E48806 /* AppDelegate.h */,
				3B2F1ACD1A9F0B5500E48806 /* AppDelegate.m */,
				3B2F1ACF1A9F0B5500E48806 /* ViewController.h */,
				3B2F1AD01A9F0B5500E48806 /* ViewController.m */,
				3B2F1AD21A9F0B5500E48806 /* Main.storyboard */,
				3B2F1AD51A9F0B5500E48806 /* Images.xcassets */,
				3B2F1AD71A9F0B5500E48806 /* LaunchScreen.xib */,
				3B2F1AC81A9F0B5500E48806 /* Supporting Files */,
			);
			path = PikiScrollAnimation;
			sourceTree = "<group>";
		};
		3B2F1AC81A9F0B5500E48806 /* Supporting Files */ = {
			isa = PBXGroup;
			children = (
				3B2F1AC91A9F0B5500E48806 /* Info.plist */,
				3B2F1ACA1A9F0B5500E48806 /* main.m */,
			);
			name = "Supporting Files";
			sourceTree = "<group>";
		};
		3B2F1AE11A9F0B5500E48806 /* PikiScrollAnimationTests */ = {
			isa = PBXGroup;
			children = (
				3B2F1AE41A9F0B5500E48806 /* PikiScrollAnimationTests.m */,
				3B2F1AE21A9F0B5500E48806 /* Supporting Files */,
			);
			path = PikiScrollAnimationTests;
			sourceTree = "<group>";
		};
		3B2F1AE21A9F0B5500E48806 /* Supporting Files */ = {
			isa = PBXGroup;
			children = (
				3B2F1AE31A9F0B5500E48806 /* Info.plist */,
			);
			name = "Supporting Files";
			sourceTree = "<group>";
		};
/* End PBXGroup section */

/* Begin PBXNativeTarget section */
		3B2F1AC41A9F0B5500E48806 /* PikiScrollAnimation */ = {
			isa = PBXNativeTarget;
			buildConfigurationList = 3B2F1AE81A9F0B5500E48806 /* Build configuration list for PBXNativeTarget "PikiScrollAnimation" */;
			buildPhases = (
				3B2F1AC11A9F0B5500E48806 /* Sources */,
				3B2F1AC21A9F0B5500E48806 /* Frameworks */,
				3B2F1AC31A9F0B5500E48806 /* Resources */,
			);
			buildRules = (
			);
			dependencies = (
			);
			name = PikiScrollAnimation;
			productName = PikiScrollAnimation;
			productReference = 3B2F1AC51A9F0B5500E48806 /* PikiScrollAnimation.app */;
			productType = "com.apple.product-type.application";
		};
		3B2F1ADD1A9F0B5500E48806 /* PikiScrollAnimationTests */ = {
			isa = PBXNativeTarget;
			buildConfigurationList = 3B2F1AEB1A9F0B5500E48806 /* Build configuration list for PBXNativeTarget "PikiScrollAnimationTests" */;
			buildPhases = (
				3B2F1ADA1A9F0B5500E48806 /* Sources */,
				3B2F1ADB1A9F0B5500E48806 /* Frameworks */,
				3B2F1ADC1A9F0B5500E48806 /* Resources */,
			);
			buildRules = (
			);
			dependencies = (
				3B2F1AE01A9F0B5500E48806 /* PBXTargetDependency */,
			);
			name = PikiScrollAnimationTests;
			productName = PikiScrollAnimationTests;
			productReference = 3B2F1ADE1A9F0B5500E48806 /* PikiScrollAnimationTests.xctest */;
			productType = "com.apple.product-type.bundle.unit-test";
		};
/* End PBXNativeTarget section */

/* Begin PBXProject section */
		3B2F1ABD1A9F0B5500E48806 /* Project object */ = {
			isa = PBXProject;
			attributes = {
				LastUpgradeCheck = 0610;
				ORGANIZATIONNAME = yellomobile;
				TargetAttributes = {
					3B2F1AC41A9F0B5500E48806 = {
						CreatedOnToolsVersion = 6.1.1;
					};
					3B2F1ADD1A9F0B5500E48806 = {
						CreatedOnToolsVersion = 6.1.1;
						TestTargetID = 3B2F1AC41A9F0B5500E48806;
					};
				};
			};
			buildConfigurationList = 3B2F1AC01A9F0B5500E48806 /* Build configuration list for PBXProject "PikiScrollAnimation" */;
			compatibilityVersion = "Xcode 3.2";
			developmentRegion = English;
			hasScannedForEncodings = 0;
			knownRegions = (
				en,
				Base,
			);
			mainGroup = 3B2F1ABC1A9F0B5500E48806;
			productRefGroup = 3B2F1AC61A9F0B5500E48806 /* Products */;
			projectDirPath = "";
			projectRoot = "";
			targets = (
				3B2F1AC41A9F0B5500E48806 /* PikiScrollAnimation */,
				3B2F1ADD1A9F0B5500E48806 /* PikiScrollAnimationTests */,
			);
		};
/* End PBXProject section */

/* Begin PBXResourcesBuildPhase section */
		3B2F1AC31A9F0B5500E48806 /* Resources */ = {
			isa = PBXResourcesBuildPhase;
			buildActionMask = 2147483647;
			files = (
				3B2F1AD41A9F0B5500E48806 /* Main.storyboard in Resources */,
				3B2F1AD91A9F0B5500E48806 /* LaunchScreen.xib in Resources */,
				3B2F1AD61A9F0B5500E48806 /* Images.xcassets in Resources */,
			);
			runOnlyForDeploymentPostprocessing = 0;
		};
		3B2F1ADC1A9F0B5500E48806 /* Resources */ = {
			isa = PBXResourcesBuildPhase;
			buildActionMask = 2147483647;
			files = (
			);
			runOnlyForDeploymentPostprocessing = 0;
		};
/* End PBXResourcesBuildPhase section */

/* Begin PBXSourcesBuildPhase section */
		3B2F1AC11A9F0B5500E48806 /* Sources */ = {
			isa = PBXSourcesBuildPhase;
			buildActionMask = 2147483647;
			files = (
				3B2F1AD11A9F0B5500E48806 /* ViewController.m in Sources */,
				3B2F1ACE1A9F0B5500E48806 /* AppDelegate.m in Sources */,
				3B2F1ACB1A9F0B5500E48806 /* main.m in Sources */,
			);
			runOnlyForDeploymentPostprocessing = 0;
		};
		3B2F1ADA1A9F0B5500E48806 /* Sources */ = {
			isa = PBXSourcesBuildPhase;
			buildActionMask = 2147483647;
			files = (
				3B2F1AE51A9F0B5500E48806 /* PikiScrollAnimationTests.m in Sources */,
			);
			runOnlyForDeploymentPostprocessing = 0;
		};
/* End PBXSourcesBuildPhase section */

/* Begin PBXTargetDependency section */
		3B2F1AE01A9F0B5500E48806 /* PBXTargetDependency */ = {
			isa = PBXTargetDependency;
			target = 3B2F1AC41A9F0B5500E48806 /* PikiScrollAnimation */;
			targetProxy = 3B2F1ADF1A9F0B5500E48806 /* PBXContainerItemProxy */;
		};
/* End PBXTargetDependency section */

/* Begin PBXVariantGroup section */
		3B2F1AD21A9F0B5500E48806 /* Main.storyboard */ = {
			isa = PBXVariantGroup;
			children = (
				3B2F1AD31A9F0B5500E48806 /* Base */,
			);
			name = Main.storyboard;
			sourceTree = "<group>";
		};
		3B2F1AD71A9F0B5500E48806 /* LaunchScreen.xib */ = {
			isa = PBXVariantGroup;
			children = (
				3B2F1AD81A9F0B5500E48806 /* Base */,
			);
			name = LaunchScreen.xib;
			sourceTree = "<group>";
		};
/* End PBXVariantGroup section */

/* Begin XCBuildConfiguration section */
		3B2F1AE61A9F0B5500E48806 /* Debug */ = {
			isa = XCBuildConfiguration;
			buildSettings = {
				ALWAYS_SEARCH_USER_PATHS = NO;
				CLANG_CXX_LANGUAGE_STANDARD = "gnu++0x";
				CLANG_CXX_LIBRARY = "libc++";
				CLANG_ENABLE_MODULES = YES;
				CLANG_ENABLE_OBJC_ARC = YES;
				CLANG_WARN_BOOL_CONVERSION = YES;
				CLANG_WARN_CONSTANT_CONVERSION = YES;
				CLANG_WARN_DIRECT_OBJC_ISA_USAGE = YES_ERROR;
				CLANG_WARN_EMPTY_BODY = YES;
				CLANG_WARN_ENUM_CONVERSION = YES;
				CLANG_WARN_INT_CONVERSION = YES;
				CLANG_WARN_OBJC_ROOT_CLASS = YES_ERROR;
				CLANG_WARN_UNREACHABLE_CODE = YES;
				CLANG_WARN__DUPLICATE_METHOD_MATCH = YES;
				"CODE_SIGN_IDENTITY[sdk=iphoneos*]" = "iPhone Developer";
				COPY_PHASE_STRIP = NO;
				ENABLE_STRICT_OBJC_MSGSEND = YES;
				GCC_C_LANGUAGE_STANDARD = gnu99;
				GCC_DYNAMIC_NO_PIC = NO;
				GCC_OPTIMIZATION_LEVEL = 0;
				GCC_PREPROCESSOR_DEFINITIONS = (
					"DEBUG=1",
					"$(inherited)",
				);
				GCC_SYMBOLS_PRIVATE_EXTERN = NO;
				GCC_WARN_64_TO_32_BIT_CONVERSION = YES;
				GCC_WARN_ABOUT_RETURN_TYPE = YES_ERROR;
				GCC_WARN_UNDECLARED_SELECTOR = YES;
				GCC_WARN_UNINITIALIZED_AUTOS = YES_AGGRESSIVE;
				GCC_WARN_UNUSED_FUNCTION = YES;
				GCC_WARN_UNUSED_VARIABLE = YES;
				IPHONEOS_DEPLOYMENT_TARGET = 8.1;
				MTL_ENABLE_DEBUG_INFO = YES;
				ONLY_ACTIVE_ARCH = YES;
				SDKROOT = iphoneos;
				TARGETED_DEVICE_FAMILY = "1,2";
			};
			name = Debug;
		};
		3B2F1AE71A9F0B5500E48806 /* Release */ = {
			isa = XCBuildConfiguration;
			buildSettings = {
				ALWAYS_SEARCH_USER_PATHS = NO;
				CLANG_CXX_LANGUAGE_STANDARD = "gnu++0x";
				CLANG_CXX_LIBRARY = "libc++";
				CLANG_ENABLE_MODULES = YES;
				CLANG_ENABLE_OBJC_ARC = YES;
				CLANG_WARN_BOOL_CONVERSION = YES;
				CLANG_WARN_CONSTANT_CONVERSION = YES;
				CLANG_WARN_DIRECT_OBJC_ISA_USAGE = YES_ERROR;
				CLANG_WARN_EMPTY_BODY = YES;
				CLANG_WARN_ENUM_CONVERSION = YES;
				CLANG_WARN_INT_CONVERSION = YES;
				CLANG_WARN_OBJC_ROOT_CLASS = YES_ERROR;
				CLANG_WARN_UNREACHABLE_CODE = YES;
				CLANG_WARN__DUPLICATE_METHOD_MATCH = YES;
				"CODE_SIGN_IDENTITY[sdk=iphoneos*]" = "iPhone Developer";
				COPY_PHASE_STRIP = YES;
				ENABLE_NS_ASSERTIONS = NO;
				ENABLE_STRICT_OBJC_MSGSEND = YES;
				GCC_C_LANGUAGE_STANDARD = gnu99;
				GCC_WARN_64_TO_32_BIT_CONVERSION = YES;
				GCC_WARN_ABOUT_RETURN_TYPE = YES_ERROR;
				GCC_WARN_UNDECLARED_SELECTOR = YES;
				GCC_WARN_UNINITIALIZED_AUTOS = YES_AGGRESSIVE;
				GCC_WARN_UNUSED_FUNCTION = YES;
				GCC_WARN_UNUSED_VARIABLE = YES;
				IPHONEOS_DEPLOYMENT_TARGET = 8.1;
				MTL_ENABLE_DEBUG_INFO = NO;
				SDKROOT = iphoneos;
				TARGETED_DEVICE_FAMILY = "1,2";
				VALIDATE_PRODUCT = YES;
			};
			name = Release;
		};
		3B2F1AE91A9F0B5500E48806 /* Debug */ = {
			isa = XCBuildConfiguration;
			buildSettings = {
				ASSETCATALOG_COMPILER_APPICON_NAME = AppIcon;
				ASSETCATALOG_COMPILER_LAUNCHIMAGE_NAME = LaunchImage;
				INFOPLIST_FILE = PikiScrollAnimation/Info.plist;
				LD_RUNPATH_SEARCH_PATHS = "$(inherited) @executable_path/Frameworks";
				PRODUCT_NAME = "$(TARGET_NAME)";
			};
			name = Debug;
		};
		3B2F1AEA1A9F0B5500E48806 /* Release */ = {
			isa = XCBuildConfiguration;
			buildSettings = {
				ASSETCATALOG_COMPILER_APPICON_NAME = AppIcon;
				ASSETCATALOG_COMPILER_LAUNCHIMAGE_NAME = LaunchImage;
				INFOPLIST_FILE = PikiScrollAnimation/Info.plist;
				LD_RUNPATH_SEARCH_PATHS = "$(inherited) @executable_path/Frameworks";
				PRODUCT_NAME = "$(TARGET_NAME)";
			};
			name = Release;
		};
		3B2F1AEC1A9F0B5500E48806 /* Debug */ = {
			isa = XCBuildConfiguration;
			buildSettings = {
				BUNDLE_LOADER = "$(TEST_HOST)";
				FRAMEWORK_SEARCH_PATHS = (
					"$(SDKROOT)/Developer/Library/Frameworks",
					"$(inherited)",
				);
				GCC_PREPROCESSOR_DEFINITIONS = (
					"DEBUG=1",
					"$(inherited)",
				);
				INFOPLIST_FILE = PikiScrollAnimationTests/Info.plist;
				LD_RUNPATH_SEARCH_PATHS = "$(inherited) @executable_path/Frameworks @loader_path/Frameworks";
				PRODUCT_NAME = "$(TARGET_NAME)";
				TEST_HOST = "$(BUILT_PRODUCTS_DIR)/PikiScrollAnimation.app/PikiScrollAnimation";
			};
			name = Debug;
		};
		3B2F1AED1A9F0B5500E48806 /* Release */ = {
			isa = XCBuildConfiguration;
			buildSettings = {
				BUNDLE_LOADER = "$(TEST_HOST)";
				FRAMEWORK_SEARCH_PATHS = (
					"$(SDKROOT)/Developer/Library/Frameworks",
					"$(inherited)",
				);
				INFOPLIST_FILE = PikiScrollAnimationTests/Info.plist;
				LD_RUNPATH_SEARCH_PATHS = "$(inherited) @executable_path/Frameworks @loader_path/Frameworks";
				PRODUCT_NAME = "$(TARGET_NAME)";
				TEST_HOST = "$(BUILT_PRODUCTS_DIR)/PikiScrollAnimation.app/PikiScrollAnimation";
			};
			name = Release;
		};
/* End XCBuildConfiguration section */

/* Begin XCConfigurationList section */
		3B2F1AC01A9F0B5500E48806 /* Build configuration list for PBXProject "PikiScrollAnimation" */ = {
			isa = XCConfigurationList;
			buildConfigurations = (
				3B2F1AE61A9F0B5500E48806 /* Debug */,
				3B2F1AE71A9F0B5500E48806 /* Release */,
			);
			defaultConfigurationIsVisible = 0;
			defaultConfigurationName = Release;
		};
		3B2F1AE81A9F0B5500E48806 /* Build configuration list for PBXNativeTarget "PikiScrollAnimation" */ = {
			isa = XCConfigurationList;
			buildConfigurations = (
				3B2F1AE91A9F0B5500E48806 /* Debug */,
				3B2F1AEA1A9F0B5500E48806 /* Release */,
			);
			defaultConfigurationIsVisible = 0;
		};
		3B2F1AEB1A9F0B5500E48806 /* Build configuration list for PBXNativeTarget "PikiScrollAnimationTests" */ = {
			isa = XCConfigurationList;
			buildConfigurations = (
				3B2F1AEC1A9F0B5500E48806 /* Debug */,
				3B2F1AED1A9F0B5500E48806 /* Release */,
			);
			defaultConfigurationIsVisible = 0;
		};
/* End XCConfigurationList section */
	};
	rootObject = 3B2F1ABD1A9F0B5500E48806 /* Project object */;
}
